
Microsoft Visual Studio Solution File, Format Version 12.00
# Visual Studio 2012
Project("{F2A71F9B-5D33-465A-A702-920D77279786}") = "DerpWander", "DerpWander\DerpWander.fsproj", "{0E982CEE-9C96-4059-B278-1316E530D4A2}"
EndProject
Project("{2150E333-8FDC-42A3-9474-1A3956D46DE8}") = "Solution Items", "Solution Items", "{B71338D6-6648-44DD-BECE-8F0488986ED3}"
EndProject
Global
	GlobalSection(SolutionConfigurationPlatforms) = preSolution
		Debug|Any CPU = Debug|Any CPU
		Release|Any CPU = Release|Any CPU
	EndGlobalSection
	GlobalSection(ProjectConfigurationPlatforms) = postSolution
		{0E982CEE-9C96-4059-B278-1316E530D4A2}.Debug|Any CPU.ActiveCfg = Debug|Any CPU
		{0E982CEE-9C96-4059-B278-1316E530D4A2}.Debug|Any CPU.Build.0 = Debug|Any CPU
		{0E982CEE-9C96-4059-B278-1316E530D4A2}.Release|Any CPU.ActiveCfg = Release|Any CPU
		{0E982CEE-9C96-4059-B278-1316E530D4A2}.Release|Any CPU.Build.0 = Release|Any CPU
	EndGlobalSection
	GlobalSection(SolutionProperties) = preSolution
		HideSolutionNode = FALSE
	EndGlobalSection
EndGlobal
